{
  "nodes": {
    "disko": {
      "inputs": {
        "nixpkgs": [
          "nixpkgs"
        ]
      },
      "locked": {
        "lastModified": 1687598357,
        "narHash": "sha256-70ciIe8415oQnQypawaqocEaLJcI1XtkqRNmle8vsrg=",
        "owner": "nix-community",
        "repo": "disko",
        "rev": "1e7098ee0448dc5d33df394d040f454cd42a809c",
        "type": "github"
      },
      "original": {
        "owner": "nix-community",
        "repo": "disko",
        "type": "github"
      }
    },
    "nixpkgs": {
      "locked": {
        "lastModified": 1687695299,
        "narHash": "sha256-j3IcDoAPulOmwcsCDb7RxBmDoCF0itDZ5e0sgM4rgWY=",
        "owner": "NixOS",
        "repo": "nixpkgs",
        "rev": "1fb6a92b2005e6d0d3b0c1a111093a41947d27f8",
        "type": "github"
      },
      "original": {
        "owner": "NixOS",
        "repo": "nixpkgs",
        "type": "github"
      }
    },
    "root": {
      "inputs": {
        "disko": "disko",
        "nixpkgs": "nixpkgs"
      }
    }
  },
  "root": "root",
  "version": 7
}
